// !$*UTF8*$!
{
	archiveVersion = 1;
	classes = {
	};
	objectVersion = 51;
	objects = {

/* Begin PBXBuildFile section */
		CC2EBDC804D716E450D89976 /* Pods_KakaoTalk.framework in Frameworks */ = {isa = PBXBuildFile; fileRef = 9281AAC3EBA98F68BB8FEC00 /* Pods_KakaoTalk.framework */; };
		DD25BFA4264263A0007F89F8 /* MoreTabItemModel.swift in Sources */ = {isa = PBXBuildFile; fileRef = DD25BFA3264263A0007F89F8 /* MoreTabItemModel.swift */; };
		DD2952CE2622879F00C0C44A /* TalkTabViewController.swift in Sources */ = {isa = PBXBuildFile; fileRef = DD2952CD2622879F00C0C44A /* TalkTabViewController.swift */; };
		DD2952D1262287E400C0C44A /* HashTabViewController.swift in Sources */ = {isa = PBXBuildFile; fileRef = DD2952D0262287E400C0C44A /* HashTabViewController.swift */; };
		DD2952D4262287FD00C0C44A /* ShopTabViewController.swift in Sources */ = {isa = PBXBuildFile; fileRef = DD2952D3262287FD00C0C44A /* ShopTabViewController.swift */; };
		DD2952D72622880A00C0C44A /* MoreTabViewController.swift in Sources */ = {isa = PBXBuildFile; fileRef = DD2952D62622880A00C0C44A /* MoreTabViewController.swift */; };
		DD2952DB26228CAE00C0C44A /* KakaoIcon.swift in Sources */ = {isa = PBXBuildFile; fileRef = DD2952DA26228CAE00C0C44A /* KakaoIcon.swift */; };
		DD2952DF2622923900C0C44A /* UITabBarItemExtension.swift in Sources */ = {isa = PBXBuildFile; fileRef = DD2952DE2622923900C0C44A /* UITabBarItemExtension.swift */; };
		DD2952E22622A8FB00C0C44A /* UITabBarExtension.swift in Sources */ = {isa = PBXBuildFile; fileRef = DD2952E12622A8FB00C0C44A /* UITabBarExtension.swift */; };
		DD9CB7A42621C51700B50A38 /* HomeTabBarViewController.swift in Sources */ = {isa = PBXBuildFile; fileRef = DD9CB7A32621C51700B50A38 /* HomeTabBarViewController.swift */; };
		DD9CB7A72621C54A00B50A38 /* FriendTabViewController.swift in Sources */ = {isa = PBXBuildFile; fileRef = DD9CB7A62621C54A00B50A38 /* FriendTabViewController.swift */; };
		DDD07E272622B76A0053CDCB /* ProfileViewController.swift in Sources */ = {isa = PBXBuildFile; fileRef = DDD07E262622B76A0053CDCB /* ProfileViewController.swift */; };
		DDD07E2A2622BBB60053CDCB /* PannableViewController.swift in Sources */ = {isa = PBXBuildFile; fileRef = DDD07E292622BBB60053CDCB /* PannableViewController.swift */; };
		DDD8A9C326356E4300DC97F7 /* FriendDataModel.swift in Sources */ = {isa = PBXBuildFile; fileRef = DDD8A9C226356E4300DC97F7 /* FriendDataModel.swift */; };
		DDD8A9C826356F5B00DC97F7 /* MyProfileTableViewCell.swift in Sources */ = {isa = PBXBuildFile; fileRef = DDD8A9C726356F5B00DC97F7 /* MyProfileTableViewCell.swift */; };
		DDD8A9CB26357D8600DC97F7 /* FriendTableViewCell.swift in Sources */ = {isa = PBXBuildFile; fileRef = DDD8A9CA26357D8600DC97F7 /* FriendTableViewCell.swift */; };
		DDF30EB82646A7A6001EA20A /* NetworkResult.swift in Sources */ = {isa = PBXBuildFile; fileRef = DDF30EB72646A7A6001EA20A /* NetworkResult.swift */; };
		DDF30EBB2646A7F8001EA20A /* SignUpService.swift in Sources */ = {isa = PBXBuildFile; fileRef = DDF30EBA2646A7F8001EA20A /* SignUpService.swift */; };
		DDF30EBE2646A810001EA20A /* LoginService.swift in Sources */ = {isa = PBXBuildFile; fileRef = DDF30EBD2646A810001EA20A /* LoginService.swift */; };
		DDF30EC12646A99F001EA20A /* LoginRequest.swift in Sources */ = {isa = PBXBuildFile; fileRef = DDF30EC02646A99F001EA20A /* LoginRequest.swift */; };
		DDF30EC52646AAD5001EA20A /* SignUpRequest.swift in Sources */ = {isa = PBXBuildFile; fileRef = DDF30EC42646AAD5001EA20A /* SignUpRequest.swift */; };
		DDF30ECE2646AF7D001EA20A /* APIConstants.swift in Sources */ = {isa = PBXBuildFile; fileRef = DDF30ECD2646AF7D001EA20A /* APIConstants.swift */; };
		DDF30ED22646B0A0001EA20A /* LoginResponse.swift in Sources */ = {isa = PBXBuildFile; fileRef = DDF30ED12646B0A0001EA20A /* LoginResponse.swift */; };
		DDF30ED52646B20E001EA20A /* SignUpResponse.swift in Sources */ = {isa = PBXBuildFile; fileRef = DDF30ED42646B20E001EA20A /* SignUpResponse.swift */; };
		DDF30ED82646B401001EA20A /* UIViewControllerExtension.swift in Sources */ = {isa = PBXBuildFile; fileRef = DDF30ED72646B401001EA20A /* UIViewControllerExtension.swift */; };
		DDFA7A032635A2CF004EC99C /* MenuItemCollectionViewCell.swift in Sources */ = {isa = PBXBuildFile; fileRef = DDFA7A022635A2CF004EC99C /* MenuItemCollectionViewCell.swift */; };
		DDFA7A082635BAB5004EC99C /* UIStackViewExtension.swift in Sources */ = {isa = PBXBuildFile; fileRef = DDFA7A072635BAB5004EC99C /* UIStackViewExtension.swift */; };
		DDFA7A0B2635C0AA004EC99C /* UIAlertControllerExtension.swift in Sources */ = {isa = PBXBuildFile; fileRef = DDFA7A0A2635C0AA004EC99C /* UIAlertControllerExtension.swift */; };
		DDFF001826187F9300A34489 /* AppDelegate.swift in Sources */ = {isa = PBXBuildFile; fileRef = DDFF001726187F9300A34489 /* AppDelegate.swift */; };
		DDFF002126187F9400A34489 /* Assets.xcassets in Resources */ = {isa = PBXBuildFile; fileRef = DDFF002026187F9400A34489 /* Assets.xcassets */; };
		DDFF002426187F9400A34489 /* LaunchScreen.storyboard in Resources */ = {isa = PBXBuildFile; fileRef = DDFF002226187F9400A34489 /* LaunchScreen.storyboard */; };
		DDFF002F2618809800A34489 /* LoginViewController.swift in Sources */ = {isa = PBXBuildFile; fileRef = DDFF002E2618809800A34489 /* LoginViewController.swift */; };
		DDFF00332618811300A34489 /* SignUpViewController.swift in Sources */ = {isa = PBXBuildFile; fileRef = DDFF00322618811300A34489 /* SignUpViewController.swift */; };
		DDFF00362618814500A34489 /* SignInViewController.swift in Sources */ = {isa = PBXBuildFile; fileRef = DDFF00352618814500A34489 /* SignInViewController.swift */; };
		DDFF0044261889CF00A34489 /* KakaoFont.swift in Sources */ = {isa = PBXBuildFile; fileRef = DDFF0043261889CF00A34489 /* KakaoFont.swift */; };
		DDFF0047261889DF00A34489 /* KakaoColor.swift in Sources */ = {isa = PBXBuildFile; fileRef = DDFF0046261889DF00A34489 /* KakaoColor.swift */; };
		DDFF004C26188B7300A34489 /* KakaoColorSet.xcassets in Resources */ = {isa = PBXBuildFile; fileRef = DDFF004B26188B7300A34489 /* KakaoColorSet.xcassets */; };
		DDFF005026189A0100A34489 /* UIButtonExtension.swift in Sources */ = {isa = PBXBuildFile; fileRef = DDFF004F26189A0100A34489 /* UIButtonExtension.swift */; };
		DDFF005426189F5500A34489 /* UITextFieldExtension.swift in Sources */ = {isa = PBXBuildFile; fileRef = DDFF005326189F5500A34489 /* UITextFieldExtension.swift */; };
		DDFF00572618B21700A34489 /* UIViewExtension.swift in Sources */ = {isa = PBXBuildFile; fileRef = DDFF00562618B21700A34489 /* UIViewExtension.swift */; };
/* End PBXBuildFile section */

/* Begin PBXFileReference section */
		6AFB10BC65B099EEA239CE83 /* Pods-KakaoTalk.release.xcconfig */ = {isa = PBXFileReference; includeInIndex = 1; lastKnownFileType = text.xcconfig; name = "Pods-KakaoTalk.release.xcconfig"; path = "Target Support Files/Pods-KakaoTalk/Pods-KakaoTalk.release.xcconfig"; sourceTree = "<group>"; };
		795CDB7F1132B840CC5C6683 /* Pods-KakaoTalk.debug.xcconfig */ = {isa = PBXFileReference; includeInIndex = 1; lastKnownFileType = text.xcconfig; name = "Pods-KakaoTalk.debug.xcconfig"; path = "Target Support Files/Pods-KakaoTalk/Pods-KakaoTalk.debug.xcconfig"; sourceTree = "<group>"; };
		9281AAC3EBA98F68BB8FEC00 /* Pods_KakaoTalk.framework */ = {isa = PBXFileReference; explicitFileType = wrapper.framework; includeInIndex = 0; path = Pods_KakaoTalk.framework; sourceTree = BUILT_PRODUCTS_DIR; };
		DD25BFA3264263A0007F89F8 /* MoreTabItemModel.swift */ = {isa = PBXFileReference; lastKnownFileType = sourcecode.swift; path = MoreTabItemModel.swift; sourceTree = "<group>"; };
		DD2952CD2622879F00C0C44A /* TalkTabViewController.swift */ = {isa = PBXFileReference; lastKnownFileType = sourcecode.swift; path = TalkTabViewController.swift; sourceTree = "<group>"; };
		DD2952D0262287E400C0C44A /* HashTabViewController.swift */ = {isa = PBXFileReference; lastKnownFileType = sourcecode.swift; path = HashTabViewController.swift; sourceTree = "<group>"; };
		DD2952D3262287FD00C0C44A /* ShopTabViewController.swift */ = {isa = PBXFileReference; lastKnownFileType = sourcecode.swift; path = ShopTabViewController.swift; sourceTree = "<group>"; };
		DD2952D62622880A00C0C44A /* MoreTabViewController.swift */ = {isa = PBXFileReference; lastKnownFileType = sourcecode.swift; path = MoreTabViewController.swift; sourceTree = "<group>"; };
		DD2952DA26228CAE00C0C44A /* KakaoIcon.swift */ = {isa = PBXFileReference; lastKnownFileType = sourcecode.swift; path = KakaoIcon.swift; sourceTree = "<group>"; };
		DD2952DE2622923900C0C44A /* UITabBarItemExtension.swift */ = {isa = PBXFileReference; lastKnownFileType = sourcecode.swift; path = UITabBarItemExtension.swift; sourceTree = "<group>"; };
		DD2952E12622A8FB00C0C44A /* UITabBarExtension.swift */ = {isa = PBXFileReference; lastKnownFileType = sourcecode.swift; path = UITabBarExtension.swift; sourceTree = "<group>"; };
		DD9CB7A32621C51700B50A38 /* HomeTabBarViewController.swift */ = {isa = PBXFileReference; lastKnownFileType = sourcecode.swift; path = HomeTabBarViewController.swift; sourceTree = "<group>"; };
		DD9CB7A62621C54A00B50A38 /* FriendTabViewController.swift */ = {isa = PBXFileReference; lastKnownFileType = sourcecode.swift; path = FriendTabViewController.swift; sourceTree = "<group>"; };
		DDD07E262622B76A0053CDCB /* ProfileViewController.swift */ = {isa = PBXFileReference; lastKnownFileType = sourcecode.swift; path = ProfileViewController.swift; sourceTree = "<group>"; };
		DDD07E292622BBB60053CDCB /* PannableViewController.swift */ = {isa = PBXFileReference; lastKnownFileType = sourcecode.swift; path = PannableViewController.swift; sourceTree = "<group>"; };
		DDD8A9C226356E4300DC97F7 /* FriendDataModel.swift */ = {isa = PBXFileReference; lastKnownFileType = sourcecode.swift; path = FriendDataModel.swift; sourceTree = "<group>"; };
		DDD8A9C726356F5B00DC97F7 /* MyProfileTableViewCell.swift */ = {isa = PBXFileReference; lastKnownFileType = sourcecode.swift; path = MyProfileTableViewCell.swift; sourceTree = "<group>"; };
		DDD8A9CA26357D8600DC97F7 /* FriendTableViewCell.swift */ = {isa = PBXFileReference; lastKnownFileType = sourcecode.swift; path = FriendTableViewCell.swift; sourceTree = "<group>"; };
		DDF30EB72646A7A6001EA20A /* NetworkResult.swift */ = {isa = PBXFileReference; lastKnownFileType = sourcecode.swift; path = NetworkResult.swift; sourceTree = "<group>"; };
		DDF30EBA2646A7F8001EA20A /* SignUpService.swift */ = {isa = PBXFileReference; lastKnownFileType = sourcecode.swift; path = SignUpService.swift; sourceTree = "<group>"; };
		DDF30EBD2646A810001EA20A /* LoginService.swift */ = {isa = PBXFileReference; lastKnownFileType = sourcecode.swift; path = LoginService.swift; sourceTree = "<group>"; };
		DDF30EC02646A99F001EA20A /* LoginRequest.swift */ = {isa = PBXFileReference; lastKnownFileType = sourcecode.swift; path = LoginRequest.swift; sourceTree = "<group>"; };
		DDF30EC42646AAD5001EA20A /* SignUpRequest.swift */ = {isa = PBXFileReference; lastKnownFileType = sourcecode.swift; path = SignUpRequest.swift; sourceTree = "<group>"; };
		DDF30ECD2646AF7D001EA20A /* APIConstants.swift */ = {isa = PBXFileReference; lastKnownFileType = sourcecode.swift; path = APIConstants.swift; sourceTree = "<group>"; };
		DDF30ED12646B0A0001EA20A /* LoginResponse.swift */ = {isa = PBXFileReference; lastKnownFileType = sourcecode.swift; path = LoginResponse.swift; sourceTree = "<group>"; };
		DDF30ED42646B20E001EA20A /* SignUpResponse.swift */ = {isa = PBXFileReference; lastKnownFileType = sourcecode.swift; path = SignUpResponse.swift; sourceTree = "<group>"; };
		DDF30ED72646B401001EA20A /* UIViewControllerExtension.swift */ = {isa = PBXFileReference; lastKnownFileType = sourcecode.swift; path = UIViewControllerExtension.swift; sourceTree = "<group>"; };
		DDFA7A022635A2CF004EC99C /* MenuItemCollectionViewCell.swift */ = {isa = PBXFileReference; lastKnownFileType = sourcecode.swift; path = MenuItemCollectionViewCell.swift; sourceTree = "<group>"; };
		DDFA7A072635BAB5004EC99C /* UIStackViewExtension.swift */ = {isa = PBXFileReference; lastKnownFileType = sourcecode.swift; path = UIStackViewExtension.swift; sourceTree = "<group>"; };
		DDFA7A0A2635C0AA004EC99C /* UIAlertControllerExtension.swift */ = {isa = PBXFileReference; lastKnownFileType = sourcecode.swift; path = UIAlertControllerExtension.swift; sourceTree = "<group>"; };
		DDFF001426187F9300A34489 /* KakaoTalk.app */ = {isa = PBXFileReference; explicitFileType = wrapper.application; includeInIndex = 0; path = KakaoTalk.app; sourceTree = BUILT_PRODUCTS_DIR; };
		DDFF001726187F9300A34489 /* AppDelegate.swift */ = {isa = PBXFileReference; lastKnownFileType = sourcecode.swift; path = AppDelegate.swift; sourceTree = "<group>"; };
		DDFF002026187F9400A34489 /* Assets.xcassets */ = {isa = PBXFileReference; lastKnownFileType = folder.assetcatalog; path = Assets.xcassets; sourceTree = "<group>"; };
		DDFF002326187F9400A34489 /* Base */ = {isa = PBXFileReference; lastKnownFileType = file.storyboard; name = Base; path = Base.lproj/LaunchScreen.storyboard; sourceTree = "<group>"; };
		DDFF002526187F9400A34489 /* Info.plist */ = {isa = PBXFileReference; lastKnownFileType = text.plist.xml; path = Info.plist; sourceTree = "<group>"; };
		DDFF002E2618809800A34489 /* LoginViewController.swift */ = {isa = PBXFileReference; lastKnownFileType = sourcecode.swift; path = LoginViewController.swift; sourceTree = "<group>"; };
		DDFF00322618811300A34489 /* SignUpViewController.swift */ = {isa = PBXFileReference; lastKnownFileType = sourcecode.swift; path = SignUpViewController.swift; sourceTree = "<group>"; };
		DDFF00352618814500A34489 /* SignInViewController.swift */ = {isa = PBXFileReference; lastKnownFileType = sourcecode.swift; path = SignInViewController.swift; sourceTree = "<group>"; };
		DDFF0043261889CF00A34489 /* KakaoFont.swift */ = {isa = PBXFileReference; lastKnownFileType = sourcecode.swift; path = KakaoFont.swift; sourceTree = "<group>"; };
		DDFF0046261889DF00A34489 /* KakaoColor.swift */ = {isa = PBXFileReference; lastKnownFileType = sourcecode.swift; path = KakaoColor.swift; sourceTree = "<group>"; };
		DDFF004B26188B7300A34489 /* KakaoColorSet.xcassets */ = {isa = PBXFileReference; lastKnownFileType = folder.assetcatalog; path = KakaoColorSet.xcassets; sourceTree = "<group>"; };
		DDFF004F26189A0100A34489 /* UIButtonExtension.swift */ = {isa = PBXFileReference; lastKnownFileType = sourcecode.swift; path = UIButtonExtension.swift; sourceTree = "<group>"; };
		DDFF005326189F5500A34489 /* UITextFieldExtension.swift */ = {isa = PBXFileReference; lastKnownFileType = sourcecode.swift; path = UITextFieldExtension.swift; sourceTree = "<group>"; };
		DDFF00562618B21700A34489 /* UIViewExtension.swift */ = {isa = PBXFileReference; lastKnownFileType = sourcecode.swift; path = UIViewExtension.swift; sourceTree = "<group>"; };
/* End PBXFileReference section */

/* Begin PBXFrameworksBuildPhase section */
		DDFF001126187F9300A34489 /* Frameworks */ = {
			isa = PBXFrameworksBuildPhase;
			buildActionMask = 2147483647;
			files = (
				CC2EBDC804D716E450D89976 /* Pods_KakaoTalk.framework in Frameworks */,
			);
			runOnlyForDeploymentPostprocessing = 0;
		};
/* End PBXFrameworksBuildPhase section */

/* Begin PBXGroup section */
		826207069C27DC2896F6DA10 /* Pods */ = {
			isa = PBXGroup;
			children = (
				795CDB7F1132B840CC5C6683 /* Pods-KakaoTalk.debug.xcconfig */,
				6AFB10BC65B099EEA239CE83 /* Pods-KakaoTalk.release.xcconfig */,
			);
			path = Pods;
			sourceTree = "<group>";
		};
		9DF351517AD6358758407EF5 /* Frameworks */ = {
			isa = PBXGroup;
			children = (
				9281AAC3EBA98F68BB8FEC00 /* Pods_KakaoTalk.framework */,
			);
			name = Frameworks;
			sourceTree = "<group>";
		};
		DD8994102635671C0061F5EA /* FriendTab */ = {
			isa = PBXGroup;
			children = (
				DD9CB7A62621C54A00B50A38 /* FriendTabViewController.swift */,
				DDD8A9C726356F5B00DC97F7 /* MyProfileTableViewCell.swift */,
				DDD8A9CA26357D8600DC97F7 /* FriendTableViewCell.swift */,
			);
			path = FriendTab;
			sourceTree = "<group>";
		};
		DD9CB79E2621C40900B50A38 /* Home */ = {
			isa = PBXGroup;
			children = (
				DD9CB7A32621C51700B50A38 /* HomeTabBarViewController.swift */,
				DDA34A902635971E00D94B97 /* MoreTab */,
				DD8994102635671C0061F5EA /* FriendTab */,
				DD2952CD2622879F00C0C44A /* TalkTabViewController.swift */,
				DD2952D0262287E400C0C44A /* HashTabViewController.swift */,
				DD2952D3262287FD00C0C44A /* ShopTabViewController.swift */,
			);
			path = Home;
			sourceTree = "<group>";
		};
		DDA34A902635971E00D94B97 /* MoreTab */ = {
			isa = PBXGroup;
			children = (
				DD2952D62622880A00C0C44A /* MoreTabViewController.swift */,
				DDFA7A022635A2CF004EC99C /* MenuItemCollectionViewCell.swift */,
			);
			path = MoreTab;
			sourceTree = "<group>";
		};
		DDD07E252622B7580053CDCB /* Profile */ = {
			isa = PBXGroup;
			children = (
				DDD07E262622B76A0053CDCB /* ProfileViewController.swift */,
				DDD07E292622BBB60053CDCB /* PannableViewController.swift */,
			);
			path = Profile;
			sourceTree = "<group>";
		};
		DDD8A9C126356DE400DC97F7 /* Model */ = {
			isa = PBXGroup;
			children = (
				DDD8A9C226356E4300DC97F7 /* FriendDataModel.swift */,
				DD25BFA3264263A0007F89F8 /* MoreTabItemModel.swift */,
			);
			path = Model;
			sourceTree = "<group>";
		};
		DDF30EB32646A5A6001EA20A /* Network */ = {
			isa = PBXGroup;
			children = (
				DDF30EB72646A7A6001EA20A /* NetworkResult.swift */,
				DDF30ECD2646AF7D001EA20A /* APIConstants.swift */,
				DDF30EB52646A5DD001EA20A /* Service */,
				DDF30EB42646A5D7001EA20A /* Model */,
			);
			path = Network;
			sourceTree = "<group>";
		};
		DDF30EB42646A5D7001EA20A /* Model */ = {
			isa = PBXGroup;
			children = (
				DDF30EC02646A99F001EA20A /* LoginRequest.swift */,
				DDF30EC42646AAD5001EA20A /* SignUpRequest.swift */,
				DDF30ED12646B0A0001EA20A /* LoginResponse.swift */,
				DDF30ED42646B20E001EA20A /* SignUpResponse.swift */,
			);
			path = Model;
			sourceTree = "<group>";
		};
		DDF30EB52646A5DD001EA20A /* Service */ = {
			isa = PBXGroup;
			children = (
				DDF30EBD2646A810001EA20A /* LoginService.swift */,
				DDF30EBA2646A7F8001EA20A /* SignUpService.swift */,
			);
			path = Service;
			sourceTree = "<group>";
		};
		DDFF000B26187F9300A34489 = {
			isa = PBXGroup;
			children = (
				DDFF001626187F9300A34489 /* KakaoTalk */,
				DDFF001526187F9300A34489 /* Products */,
				826207069C27DC2896F6DA10 /* Pods */,
				9DF351517AD6358758407EF5 /* Frameworks */,
			);
			sourceTree = "<group>";
		};
		DDFF001526187F9300A34489 /* Products */ = {
			isa = PBXGroup;
			children = (
				DDFF001426187F9300A34489 /* KakaoTalk.app */,
			);
			name = Products;
			sourceTree = "<group>";
		};
		DDFF001626187F9300A34489 /* KakaoTalk */ = {
			isa = PBXGroup;
			children = (
				DDF30EB32646A5A6001EA20A /* Network */,
				DDD8A9C126356DE400DC97F7 /* Model */,
				DDFF004E261899CA00A34489 /* Util */,
				DDFF0042261889B700A34489 /* KakaoUI */,
				DDFF002C2618805200A34489 /* Feature */,
				DDFF001726187F9300A34489 /* AppDelegate.swift */,
				DDFF002226187F9400A34489 /* LaunchScreen.storyboard */,
				DDFF002526187F9400A34489 /* Info.plist */,
			);
			path = KakaoTalk;
			sourceTree = "<group>";
		};
		DDFF002C2618805200A34489 /* Feature */ = {
			isa = PBXGroup;
			children = (
				DDD07E252622B7580053CDCB /* Profile */,
				DD9CB79E2621C40900B50A38 /* Home */,
				DDFF002D2618806300A34489 /* Login */,
			);
			path = Feature;
			sourceTree = "<group>";
		};
		DDFF002D2618806300A34489 /* Login */ = {
			isa = PBXGroup;
			children = (
				DDFF002E2618809800A34489 /* LoginViewController.swift */,
				DDFF00322618811300A34489 /* SignUpViewController.swift */,
				DDFF00352618814500A34489 /* SignInViewController.swift */,
			);
			path = Login;
			sourceTree = "<group>";
		};
		DDFF0042261889B700A34489 /* KakaoUI */ = {
			isa = PBXGroup;
			children = (
				DDFF004A26188B4800A34489 /* Resources */,
				DDFF004926188B3900A34489 /* Properties */,
			);
			path = KakaoUI;
			sourceTree = "<group>";
		};
		DDFF004926188B3900A34489 /* Properties */ = {
			isa = PBXGroup;
			children = (
				DDFF0043261889CF00A34489 /* KakaoFont.swift */,
				DDFF0046261889DF00A34489 /* KakaoColor.swift */,
				DD2952DA26228CAE00C0C44A /* KakaoIcon.swift */,
			);
			path = Properties;
			sourceTree = "<group>";
		};
		DDFF004A26188B4800A34489 /* Resources */ = {
			isa = PBXGroup;
			children = (
				DDFF004B26188B7300A34489 /* KakaoColorSet.xcassets */,
				DDFF002026187F9400A34489 /* Assets.xcassets */,
			);
			path = Resources;
			sourceTree = "<group>";
		};
		DDFF004E261899CA00A34489 /* Util */ = {
			isa = PBXGroup;
			children = (
				DDFF004F26189A0100A34489 /* UIButtonExtension.swift */,
				DDFF005326189F5500A34489 /* UITextFieldExtension.swift */,
				DDFF00562618B21700A34489 /* UIViewExtension.swift */,
				DD2952E12622A8FB00C0C44A /* UITabBarExtension.swift */,
				DD2952DE2622923900C0C44A /* UITabBarItemExtension.swift */,
				DDFA7A072635BAB5004EC99C /* UIStackViewExtension.swift */,
				DDFA7A0A2635C0AA004EC99C /* UIAlertControllerExtension.swift */,
				DDF30ED72646B401001EA20A /* UIViewControllerExtension.swift */,
			);
			path = Util;
			sourceTree = "<group>";
		};
/* End PBXGroup section */

/* Begin PBXNativeTarget section */
		DDFF001326187F9300A34489 /* KakaoTalk */ = {
			isa = PBXNativeTarget;
			buildConfigurationList = DDFF002826187F9400A34489 /* Build configuration list for PBXNativeTarget "KakaoTalk" */;
			buildPhases = (
				169AFFB69C0E6998DAD72958 /* [CP] Check Pods Manifest.lock */,
				DDFF001026187F9300A34489 /* Sources */,
				DDFF001126187F9300A34489 /* Frameworks */,
				DDFF001226187F9300A34489 /* Resources */,
				B36EE6EEB425E4C8BBAAC644 /* [CP] Embed Pods Frameworks */,
			);
			buildRules = (
			);
			dependencies = (
			);
			name = KakaoTalk;
			productName = KakaoTalk;
			productReference = DDFF001426187F9300A34489 /* KakaoTalk.app */;
			productType = "com.apple.product-type.application";
		};
/* End PBXNativeTarget section */

/* Begin PBXProject section */
		DDFF000C26187F9300A34489 /* Project object */ = {
			isa = PBXProject;
			attributes = {
				LastSwiftUpdateCheck = 1240;
				LastUpgradeCheck = 1240;
				TargetAttributes = {
					DDFF001326187F9300A34489 = {
						CreatedOnToolsVersion = 12.4;
					};
				};
			};
			buildConfigurationList = DDFF000F26187F9300A34489 /* Build configuration list for PBXProject "KakaoTalk" */;
			compatibilityVersion = "Xcode 9.3";
			developmentRegion = en;
			hasScannedForEncodings = 0;
			knownRegions = (
				en,
				Base,
			);
			mainGroup = DDFF000B26187F9300A34489;
			productRefGroup = DDFF001526187F9300A34489 /* Products */;
			projectDirPath = "";
			projectRoot = "";
			targets = (
				DDFF001326187F9300A34489 /* KakaoTalk */,
			);
		};
/* End PBXProject section */

/* Begin PBXResourcesBuildPhase section */
		DDFF001226187F9300A34489 /* Resources */ = {
			isa = PBXResourcesBuildPhase;
			buildActionMask = 2147483647;
			files = (
				DDFF004C26188B7300A34489 /* KakaoColorSet.xcassets in Resources */,
				DDFF002426187F9400A34489 /* LaunchScreen.storyboard in Resources */,
				DDFF002126187F9400A34489 /* Assets.xcassets in Resources */,
			);
			runOnlyForDeploymentPostprocessing = 0;
		};
/* End PBXResourcesBuildPhase section */

/* Begin PBXShellScriptBuildPhase section */
		169AFFB69C0E6998DAD72958 /* [CP] Check Pods Manifest.lock */ = {
			isa = PBXShellScriptBuildPhase;
			buildActionMask = 2147483647;
			files = (
			);
			inputFileListPaths = (
			);
			inputPaths = (
				"${PODS_PODFILE_DIR_PATH}/Podfile.lock",
				"${PODS_ROOT}/Manifest.lock",
			);
			name = "[CP] Check Pods Manifest.lock";
			outputFileListPaths = (
			);
			outputPaths = (
				"$(DERIVED_FILE_DIR)/Pods-KakaoTalk-checkManifestLockResult.txt",
			);
			runOnlyForDeploymentPostprocessing = 0;
			shellPath = /bin/sh;
			shellScript = "diff \"${PODS_PODFILE_DIR_PATH}/Podfile.lock\" \"${PODS_ROOT}/Manifest.lock\" > /dev/null\nif [ $? != 0 ] ; then\n    # print error to STDERR\n    echo \"error: The sandbox is not in sync with the Podfile.lock. Run 'pod install' or update your CocoaPods installation.\" >&2\n    exit 1\nfi\n# This output is used by Xcode 'outputs' to avoid re-running this script phase.\necho \"SUCCESS\" > \"${SCRIPT_OUTPUT_FILE_0}\"\n";
			showEnvVarsInLog = 0;
		};
		B36EE6EEB425E4C8BBAAC644 /* [CP] Embed Pods Frameworks */ = {
			isa = PBXShellScriptBuildPhase;
			buildActionMask = 2147483647;
			files = (
			);
			inputFileListPaths = (
				"${PODS_ROOT}/Target Support Files/Pods-KakaoTalk/Pods-KakaoTalk-frameworks-${CONFIGURATION}-input-files.xcfilelist",
			);
			name = "[CP] Embed Pods Frameworks";
			outputFileListPaths = (
				"${PODS_ROOT}/Target Support Files/Pods-KakaoTalk/Pods-KakaoTalk-frameworks-${CONFIGURATION}-output-files.xcfilelist",
			);
			runOnlyForDeploymentPostprocessing = 0;
			shellPath = /bin/sh;
			shellScript = "\"${PODS_ROOT}/Target Support Files/Pods-KakaoTalk/Pods-KakaoTalk-frameworks.sh\"\n";
			showEnvVarsInLog = 0;
		};
/* End PBXShellScriptBuildPhase section */

/* Begin PBXSourcesBuildPhase section */
		DDFF001026187F9300A34489 /* Sources */ = {
			isa = PBXSourcesBuildPhase;
			buildActionMask = 2147483647;
			files = (
				DD2952D1262287E400C0C44A /* HashTabViewController.swift in Sources */,
				DDFF00572618B21700A34489 /* UIViewExtension.swift in Sources */,
				DDFA7A0B2635C0AA004EC99C /* UIAlertControllerExtension.swift in Sources */,
				DD2952CE2622879F00C0C44A /* TalkTabViewController.swift in Sources */,
				DDD8A9C826356F5B00DC97F7 /* MyProfileTableViewCell.swift in Sources */,
				DDF30EBB2646A7F8001EA20A /* SignUpService.swift in Sources */,
				DD2952DB26228CAE00C0C44A /* KakaoIcon.swift in Sources */,
				DDF30EBE2646A810001EA20A /* LoginService.swift in Sources */,
				DDFF002F2618809800A34489 /* LoginViewController.swift in Sources */,
				DDFF005426189F5500A34489 /* UITextFieldExtension.swift in Sources */,
				DDFF005026189A0100A34489 /* UIButtonExtension.swift in Sources */,
				DD2952DF2622923900C0C44A /* UITabBarItemExtension.swift in Sources */,
				DDF30EC12646A99F001EA20A /* LoginRequest.swift in Sources */,
				DDF30EC52646AAD5001EA20A /* SignUpRequest.swift in Sources */,
				DD25BFA4264263A0007F89F8 /* MoreTabItemModel.swift in Sources */,
				DDFF00362618814500A34489 /* SignInViewController.swift in Sources */,
				DDD8A9C326356E4300DC97F7 /* FriendDataModel.swift in Sources */,
				DDFA7A082635BAB5004EC99C /* UIStackViewExtension.swift in Sources */,
				DDD07E272622B76A0053CDCB /* ProfileViewController.swift in Sources */,
				DD9CB7A42621C51700B50A38 /* HomeTabBarViewController.swift in Sources */,
				DDF30ED82646B401001EA20A /* UIViewControllerExtension.swift in Sources */,
				DD9CB7A72621C54A00B50A38 /* FriendTabViewController.swift in Sources */,
				DDFF001826187F9300A34489 /* AppDelegate.swift in Sources */,
				DDFF0044261889CF00A34489 /* KakaoFont.swift in Sources */,
				DDF30ED52646B20E001EA20A /* SignUpResponse.swift in Sources */,
				DDF30ECE2646AF7D001EA20A /* APIConstants.swift in Sources */,
				DD2952D4262287FD00C0C44A /* ShopTabViewController.swift in Sources */,
				DDFF00332618811300A34489 /* SignUpViewController.swift in Sources */,
				DDF30ED22646B0A0001EA20A /* LoginResponse.swift in Sources */,
				DDFF0047261889DF00A34489 /* KakaoColor.swift in Sources */,
				DDD8A9CB26357D8600DC97F7 /* FriendTableViewCell.swift in Sources */,
				DDFA7A032635A2CF004EC99C /* MenuItemCollectionViewCell.swift in Sources */,
				DD2952D72622880A00C0C44A /* MoreTabViewController.swift in Sources */,
				DD2952E22622A8FB00C0C44A /* UITabBarExtension.swift in Sources */,
				DDD07E2A2622BBB60053CDCB /* PannableViewController.swift in Sources */,
				DDF30EB82646A7A6001EA20A /* NetworkResult.swift in Sources */,
			);
			runOnlyForDeploymentPostprocessing = 0;
		};
/* End PBXSourcesBuildPhase section */

/* Begin PBXVariantGroup section */
		DDFF002226187F9400A34489 /* LaunchScreen.storyboard */ = {
			isa = PBXVariantGroup;
			children = (
				DDFF002326187F9400A34489 /* Base */,
			);
			name = LaunchScreen.storyboard;
			sourceTree = "<group>";
		};
/* End PBXVariantGroup section */

/* Begin XCBuildConfiguration section */
		DDFF002626187F9400A34489 /* Debug */ = {
			isa = XCBuildConfiguration;
			buildSettings = {
				ALWAYS_SEARCH_USER_PATHS = NO;
				CLANG_ANALYZER_NONNULL = YES;
				CLANG_ANALYZER_NUMBER_OBJECT_CONVERSION = YES_AGGRESSIVE;
				CLANG_CXX_LANGUAGE_STANDARD = "gnu++14";
				CLANG_CXX_LIBRARY = "libc++";
				CLANG_ENABLE_MODULES = YES;
				CLANG_ENABLE_OBJC_ARC = YES;
				CLANG_ENABLE_OBJC_WEAK = YES;
				CLANG_WARN_BLOCK_CAPTURE_AUTORELEASING = YES;
				CLANG_WARN_BOOL_CONVERSION = YES;
				CLANG_WARN_COMMA = YES;
				CLANG_WARN_CONSTANT_CONVERSION = YES;
				CLANG_WARN_DEPRECATED_OBJC_IMPLEMENTATIONS = YES;
				CLANG_WARN_DIRECT_OBJC_ISA_USAGE = YES_ERROR;
				CLANG_WARN_DOCUMENTATION_COMMENTS = YES;
				CLANG_WARN_EMPTY_BODY = YES;
				CLANG_WARN_ENUM_CONVERSION = YES;
				CLANG_WARN_INFINITE_RECURSION = YES;
				CLANG_WARN_INT_CONVERSION = YES;
				CLANG_WARN_NON_LITERAL_NULL_CONVERSION = YES;
				CLANG_WARN_OBJC_IMPLICIT_RETAIN_SELF = YES;
				CLANG_WARN_OBJC_LITERAL_CONVERSION = YES;
				CLANG_WARN_OBJC_ROOT_CLASS = YES_ERROR;
				CLANG_WARN_QUOTED_INCLUDE_IN_FRAMEWORK_HEADER = YES;
				CLANG_WARN_RANGE_LOOP_ANALYSIS = YES;
				CLANG_WARN_STRICT_PROTOTYPES = YES;
				CLANG_WARN_SUSPICIOUS_MOVE = YES;
				CLANG_WARN_UNGUARDED_AVAILABILITY = YES_AGGRESSIVE;
				CLANG_WARN_UNREACHABLE_CODE = YES;
				CLANG_WARN__DUPLICATE_METHOD_MATCH = YES;
				COPY_PHASE_STRIP = NO;
				DEBUG_INFORMATION_FORMAT = dwarf;
				ENABLE_STRICT_OBJC_MSGSEND = YES;
				ENABLE_TESTABILITY = YES;
				GCC_C_LANGUAGE_STANDARD = gnu11;
				GCC_DYNAMIC_NO_PIC = NO;
				GCC_NO_COMMON_BLOCKS = YES;
				GCC_OPTIMIZATION_LEVEL = 0;
				GCC_PREPROCESSOR_DEFINITIONS = (
					"DEBUG=1",
					"$(inherited)",
				);
				GCC_WARN_64_TO_32_BIT_CONVERSION = YES;
				GCC_WARN_ABOUT_RETURN_TYPE = YES_ERROR;
				GCC_WARN_UNDECLARED_SELECTOR = YES;
				GCC_WARN_UNINITIALIZED_AUTOS = YES_AGGRESSIVE;
				GCC_WARN_UNUSED_FUNCTION = YES;
				GCC_WARN_UNUSED_VARIABLE = YES;
				IPHONEOS_DEPLOYMENT_TARGET = 14.4;
				MTL_ENABLE_DEBUG_INFO = INCLUDE_SOURCE;
				MTL_FAST_MATH = YES;
				ONLY_ACTIVE_ARCH = YES;
				SDKROOT = iphoneos;
				SWIFT_ACTIVE_COMPILATION_CONDITIONS = DEBUG;
				SWIFT_OPTIMIZATION_LEVEL = "-Onone";
			};
			name = Debug;
		};
		DDFF002726187F9400A34489 /* Release */ = {
			isa = XCBuildConfiguration;
			buildSettings = {
				ALWAYS_SEARCH_USER_PATHS = NO;
				CLANG_ANALYZER_NONNULL = YES;
				CLANG_ANALYZER_NUMBER_OBJECT_CONVERSION = YES_AGGRESSIVE;
				CLANG_CXX_LANGUAGE_STANDARD = "gnu++14";
				CLANG_CXX_LIBRARY = "libc++";
				CLANG_ENABLE_MODULES = YES;
				CLANG_ENABLE_OBJC_ARC = YES;
				CLANG_ENABLE_OBJC_WEAK = YES;
				CLANG_WARN_BLOCK_CAPTURE_AUTORELEASING = YES;
				CLANG_WARN_BOOL_CONVERSION = YES;
				CLANG_WARN_COMMA = YES;
				CLANG_WARN_CONSTANT_CONVERSION = YES;
				CLANG_WARN_DEPRECATED_OBJC_IMPLEMENTATIONS = YES;
				CLANG_WARN_DIRECT_OBJC_ISA_USAGE = YES_ERROR;
				CLANG_WARN_DOCUMENTATION_COMMENTS = YES;
				CLANG_WARN_EMPTY_BODY = YES;
				CLANG_WARN_ENUM_CONVERSION = YES;
				CLANG_WARN_INFINITE_RECURSION = YES;
				CLANG_WARN_INT_CONVERSION = YES;
				CLANG_WARN_NON_LITERAL_NULL_CONVERSION = YES;
				CLANG_WARN_OBJC_IMPLICIT_RETAIN_SELF = YES;
				CLANG_WARN_OBJC_LITERAL_CONVERSION = YES;
				CLANG_WARN_OBJC_ROOT_CLASS = YES_ERROR;
				CLANG_WARN_QUOTED_INCLUDE_IN_FRAMEWORK_HEADER = YES;
				CLANG_WARN_RANGE_LOOP_ANALYSIS = YES;
				CLANG_WARN_STRICT_PROTOTYPES = YES;
				CLANG_WARN_SUSPICIOUS_MOVE = YES;
				CLANG_WARN_UNGUARDED_AVAILABILITY = YES_AGGRESSIVE;
				CLANG_WARN_UNREACHABLE_CODE = YES;
				CLANG_WARN__DUPLICATE_METHOD_MATCH = YES;
				COPY_PHASE_STRIP = NO;
				DEBUG_INFORMATION_FORMAT = "dwarf-with-dsym";
				ENABLE_NS_ASSERTIONS = NO;
				ENABLE_STRICT_OBJC_MSGSEND = YES;
				GCC_C_LANGUAGE_STANDARD = gnu11;
				GCC_NO_COMMON_BLOCKS = YES;
				GCC_WARN_64_TO_32_BIT_CONVERSION = YES;
				GCC_WARN_ABOUT_RETURN_TYPE = YES_ERROR;
				GCC_WARN_UNDECLARED_SELECTOR = YES;
				GCC_WARN_UNINITIALIZED_AUTOS = YES_AGGRESSIVE;
				GCC_WARN_UNUSED_FUNCTION = YES;
				GCC_WARN_UNUSED_VARIABLE = YES;
				IPHONEOS_DEPLOYMENT_TARGET = 14.4;
				MTL_ENABLE_DEBUG_INFO = NO;
				MTL_FAST_MATH = YES;
				SDKROOT = iphoneos;
				SWIFT_COMPILATION_MODE = wholemodule;
				SWIFT_OPTIMIZATION_LEVEL = "-O";
				VALIDATE_PRODUCT = YES;
			};
			name = Release;
		};
		DDFF002926187F9400A34489 /* Debug */ = {
			isa = XCBuildConfiguration;
			baseConfigurationReference = 795CDB7F1132B840CC5C6683 /* Pods-KakaoTalk.debug.xcconfig */;
			buildSettings = {
				ASSETCATALOG_COMPILER_APPICON_NAME = AppIcon;
				ASSETCATALOG_COMPILER_GLOBAL_ACCENT_COLOR_NAME = AccentColor;
				CODE_SIGN_STYLE = Automatic;
				INFOPLIST_FILE = KakaoTalk/Info.plist;
				LD_RUNPATH_SEARCH_PATHS = (
					"$(inherited)",
					"@executable_path/Frameworks",
				);
				PRODUCT_BUNDLE_IDENTIFIER = sopt.KakaoTalk;
				PRODUCT_NAME = "$(TARGET_NAME)";
				SWIFT_VERSION = 5.0;
				TARGETED_DEVICE_FAMILY = "1,2";
			};
			name = Debug;
		};
		DDFF002A26187F9400A34489 /* Release */ = {
			isa = XCBuildConfiguration;
			baseConfigurationReference = 6AFB10BC65B099EEA239CE83 /* Pods-KakaoTalk.release.xcconfig */;
			buildSettings = {
				ASSETCATALOG_COMPILER_APPICON_NAME = AppIcon;
				ASSETCATALOG_COMPILER_GLOBAL_ACCENT_COLOR_NAME = AccentColor;
				CODE_SIGN_STYLE = Automatic;
				INFOPLIST_FILE = KakaoTalk/Info.plist;
				LD_RUNPATH_SEARCH_PATHS = (
					"$(inherited)",
					"@executable_path/Frameworks",
				);
				PRODUCT_BUNDLE_IDENTIFIER = sopt.KakaoTalk;
				PRODUCT_NAME = "$(TARGET_NAME)";
				SWIFT_VERSION = 5.0;
				TARGETED_DEVICE_FAMILY = "1,2";
			};
			name = Release;
		};
/* End XCBuildConfiguration section */

/* Begin XCConfigurationList section */
		DDFF000F26187F9300A34489 /* Build configuration list for PBXProject "KakaoTalk" */ = {
			isa = XCConfigurationList;
			buildConfigurations = (
				DDFF002626187F9400A34489 /* Debug */,
				DDFF002726187F9400A34489 /* Release */,
			);
			defaultConfigurationIsVisible = 0;
			defaultConfigurationName = Release;
		};
		DDFF002826187F9400A34489 /* Build configuration list for PBXNativeTarget "KakaoTalk" */ = {
			isa = XCConfigurationList;
			buildConfigurations = (
				DDFF002926187F9400A34489 /* Debug */,
				DDFF002A26187F9400A34489 /* Release */,
			);
			defaultConfigurationIsVisible = 0;
			defaultConfigurationName = Release;
		};
/* End XCConfigurationList section */
	};
	rootObject = DDFF000C26187F9300A34489 /* Project object */;
}
